
Microsoft Visual Studio Solution File, Format Version 12.00
# Visual Studio Version 16
VisualStudioVersion = 16.0.31613.86
MinimumVisualStudioVersion = 10.0.40219.1
Project("{9092AA53-FB77-4645-B42D-1CCCA6BD08BD}") = "frontend", "frontend\frontend.njsproj", "{0BC892DD-2AE4-4A00-B6CF-BFBF8F9383DF}"
EndProject
Project("{9092AA53-FB77-4645-B42D-1CCCA6BD08BD}") = "vuejstutorial", "vuejstutorial\vuejstutorial.njsproj", "{4FB7FBD7-22A1-45C8-9CFA-F27C8DF909ED}"
EndProject
Project("{2150E333-8FDC-42A3-9474-1A3956D46DE8}") = "docker", "docker", "{618EED1C-95C4-406A-B590-48347189955E}"
EndProject
Project("{2150E333-8FDC-42A3-9474-1A3956D46DE8}") = "semdocker", "semdocker", "{23C47751-2FEB-4AE2-AD6F-54C4BB700DD1}"
EndProject
Project("{9A19103F-16F7-4668-BE54-9A1E7A4F7556}") = "gRPCHelloWorld_3_0", "semdocker\gRPCHelloWorld_3_0\gRPCHelloWorld_3_0.csproj", "{E6806BBA-9E17-4226-B8BB-E2E277C71879}"
EndProject
Project("{9A19103F-16F7-4668-BE54-9A1E7A4F7556}") = "gRPCHelloWorld_3_1", "semdocker\gRPCHelloWorld_3_1\gRPCHelloWorld_3_1.csproj", "{9C3BABE8-AA19-42CD-8E53-481093152968}"
EndProject
Project("{9A19103F-16F7-4668-BE54-9A1E7A4F7556}") = "gRPCHelloWorld_5_0", "semdocker\gRPCHelloWorld_5_0\gRPCHelloWorld_5_0.csproj", "{831F3DBB-CF3D-4D0B-9B08-F696BCA667BB}"
EndProject
Project("{F184B08F-C81C-45F6-A57F-5ABD9991F28F}") = "gRPCWindowsServiceVB", "gRPCWindowsServiceVB\gRPCWindowsServiceVB.vbproj", "{07660ED6-592E-42F1-84C8-5057A56BD225}"
EndProject
Project("{FAE04EC0-301F-11D3-BF4B-00C04F79EFBC}") = "gRPCWindowsServiceCSharp", "gRPCWindowsServiceCSharp\gRPCWindowsServiceCSharp.csproj", "{922B112A-1658-44E3-AF6A-B57FC269C3D1}"
EndProject
Project("{F184B08F-C81C-45F6-A57F-5ABD9991F28F}") = "gRPCClientVB", "gRPCClientVB\gRPCClientVB.vbproj", "{5A0E268E-D127-4ADD-9E86-898771FA9F6C}"
EndProject
Project("{FAE04EC0-301F-11D3-BF4B-00C04F79EFBC}") = "gRPCClientCSharp", "gRPCClientCSharp\gRPCClientCSharp.csproj", "{2A3D23CC-04BF-4550-9A75-17B41613FE38}"
EndProject
Project("{2150E333-8FDC-42A3-9474-1A3956D46DE8}") = "gRPC", "gRPC", "{717CC70F-4F96-49B1-B7BC-F9ADC926E72D}"
EndProject
Global
	GlobalSection(SolutionConfigurationPlatforms) = preSolution
		Debug|Any CPU = Debug|Any CPU
		Release|Any CPU = Release|Any CPU
	EndGlobalSection
	GlobalSection(ProjectConfigurationPlatforms) = postSolution
		{0BC892DD-2AE4-4A00-B6CF-BFBF8F9383DF}.Debug|Any CPU.ActiveCfg = Debug|Any CPU
		{0BC892DD-2AE4-4A00-B6CF-BFBF8F9383DF}.Debug|Any CPU.Build.0 = Debug|Any CPU
		{0BC892DD-2AE4-4A00-B6CF-BFBF8F9383DF}.Release|Any CPU.ActiveCfg = Release|Any CPU
		{0BC892DD-2AE4-4A00-B6CF-BFBF8F9383DF}.Release|Any CPU.Build.0 = Release|Any CPU
		{4FB7FBD7-22A1-45C8-9CFA-F27C8DF909ED}.Debug|Any CPU.ActiveCfg = Debug|Any CPU
		{4FB7FBD7-22A1-45C8-9CFA-F27C8DF909ED}.Debug|Any CPU.Build.0 = Debug|Any CPU
		{4FB7FBD7-22A1-45C8-9CFA-F27C8DF909ED}.Release|Any CPU.ActiveCfg = Release|Any CPU
		{4FB7FBD7-22A1-45C8-9CFA-F27C8DF909ED}.Release|Any CPU.Build.0 = Release|Any CPU
		{E6806BBA-9E17-4226-B8BB-E2E277C71879}.Debug|Any CPU.ActiveCfg = Debug|Any CPU
		{E6806BBA-9E17-4226-B8BB-E2E277C71879}.Debug|Any CPU.Build.0 = Debug|Any CPU
		{E6806BBA-9E17-4226-B8BB-E2E277C71879}.Release|Any CPU.ActiveCfg = Release|Any CPU
		{E6806BBA-9E17-4226-B8BB-E2E277C71879}.Release|Any CPU.Build.0 = Release|Any CPU
		{9C3BABE8-AA19-42CD-8E53-481093152968}.Debug|Any CPU.ActiveCfg = Debug|Any CPU
		{9C3BABE8-AA19-42CD-8E53-481093152968}.Debug|Any CPU.Build.0 = Debug|Any CPU
		{9C3BABE8-AA19-42CD-8E53-481093152968}.Release|Any CPU.ActiveCfg = Release|Any CPU
		{9C3BABE8-AA19-42CD-8E53-481093152968}.Release|Any CPU.Build.0 = Release|Any CPU
		{831F3DBB-CF3D-4D0B-9B08-F696BCA667BB}.Debug|Any CPU.ActiveCfg = Debug|Any CPU
		{831F3DBB-CF3D-4D0B-9B08-F696BCA667BB}.Debug|Any CPU.Build.0 = Debug|Any CPU
		{831F3DBB-CF3D-4D0B-9B08-F696BCA667BB}.Release|Any CPU.ActiveCfg = Release|Any CPU
		{831F3DBB-CF3D-4D0B-9B08-F696BCA667BB}.Release|Any CPU.Build.0 = Release|Any CPU
		{07660ED6-592E-42F1-84C8-5057A56BD225}.Debug|Any CPU.ActiveCfg = Debug|Any CPU
		{07660ED6-592E-42F1-84C8-5057A56BD225}.Debug|Any CPU.Build.0 = Debug|Any CPU
		{07660ED6-592E-42F1-84C8-5057A56BD225}.Release|Any CPU.ActiveCfg = Release|Any CPU
		{07660ED6-592E-42F1-84C8-5057A56BD225}.Release|Any CPU.Build.0 = Release|Any CPU
		{922B112A-1658-44E3-AF6A-B57FC269C3D1}.Debug|Any CPU.ActiveCfg = Debug|Any CPU
		{922B112A-1658-44E3-AF6A-B57FC269C3D1}.Debug|Any CPU.Build.0 = Debug|Any CPU
		{922B112A-1658-44E3-AF6A-B57FC269C3D1}.Release|Any CPU.ActiveCfg = Release|Any CPU
		{922B112A-1658-44E3-AF6A-B57FC269C3D1}.Release|Any CPU.Build.0 = Release|Any CPU
		{5A0E268E-D127-4ADD-9E86-898771FA9F6C}.Debug|Any CPU.ActiveCfg = Debug|Any CPU
		{5A0E268E-D127-4ADD-9E86-898771FA9F6C}.Debug|Any CPU.Build.0 = Debug|Any CPU
		{5A0E268E-D127-4ADD-9E86-898771FA9F6C}.Release|Any CPU.ActiveCfg = Release|Any CPU
		{5A0E268E-D127-4ADD-9E86-898771FA9F6C}.Release|Any CPU.Build.0 = Release|Any CPU
		{2A3D23CC-04BF-4550-9A75-17B41613FE38}.Debug|Any CPU.ActiveCfg = Debug|Any CPU
		{2A3D23CC-04BF-4550-9A75-17B41613FE38}.Debug|Any CPU.Build.0 = Debug|Any CPU
		{2A3D23CC-04BF-4550-9A75-17B41613FE38}.Release|Any CPU.ActiveCfg = Release|Any CPU
		{2A3D23CC-04BF-4550-9A75-17B41613FE38}.Release|Any CPU.Build.0 = Release|Any CPU
	EndGlobalSection
	GlobalSection(SolutionProperties) = preSolution
		HideSolutionNode = FALSE
	EndGlobalSection
	GlobalSection(NestedProjects) = preSolution
		{23C47751-2FEB-4AE2-AD6F-54C4BB700DD1} = {717CC70F-4F96-49B1-B7BC-F9ADC926E72D}
		{E6806BBA-9E17-4226-B8BB-E2E277C71879} = {23C47751-2FEB-4AE2-AD6F-54C4BB700DD1}
		{9C3BABE8-AA19-42CD-8E53-481093152968} = {23C47751-2FEB-4AE2-AD6F-54C4BB700DD1}
		{831F3DBB-CF3D-4D0B-9B08-F696BCA667BB} = {23C47751-2FEB-4AE2-AD6F-54C4BB700DD1}
		{07660ED6-592E-42F1-84C8-5057A56BD225} = {23C47751-2FEB-4AE2-AD6F-54C4BB700DD1}
		{922B112A-1658-44E3-AF6A-B57FC269C3D1} = {23C47751-2FEB-4AE2-AD6F-54C4BB700DD1}
		{5A0E268E-D127-4ADD-9E86-898771FA9F6C} = {717CC70F-4F96-49B1-B7BC-F9ADC926E72D}
		{2A3D23CC-04BF-4550-9A75-17B41613FE38} = {717CC70F-4F96-49B1-B7BC-F9ADC926E72D}
	EndGlobalSection
	GlobalSection(ExtensibilityGlobals) = postSolution
		SolutionGuid = {7460F1B1-E68D-49DF-8FDA-EB279621AAEF}
	EndGlobalSection
EndGlobal
